
Microsoft Visual Studio Solution File, Format Version 12.00
# Visual Studio Version 17
VisualStudioVersion = 17.5.33530.505
MinimumVisualStudioVersion = 10.0.40219.1
Project("{FAE04EC0-301F-11D3-BF4B-00C04F79EFBC}") = "API-Grafica-Prix", "API-Grafica-Prix\API-Grafica-Prix.csproj", "{1FB0D969-86D7-49B9-AD26-BA08BEB801F9}"
EndProject
Global
	GlobalSection(SolutionConfigurationPlatforms) = preSolution
		Debug|Any CPU = Debug|Any CPU
		Release|Any CPU = Release|Any CPU
	EndGlobalSection
	GlobalSection(ProjectConfigurationPlatforms) = postSolution
		{1FB0D969-86D7-49B9-AD26-BA08BEB801F9}.Debug|Any CPU.ActiveCfg = Debug|Any CPU
		{1FB0D969-86D7-49B9-AD26-BA08BEB801F9}.Debug|Any CPU.Build.0 = Debug|Any CPU
		{1FB0D969-86D7-49B9-AD26-BA08BEB801F9}.Release|Any CPU.ActiveCfg = Release|Any CPU
		{1FB0D969-86D7-49B9-AD26-BA08BEB801F9}.Release|Any CPU.Build.0 = Release|Any CPU
	EndGlobalSection
	GlobalSection(SolutionProperties) = preSolution
		HideSolutionNode = FALSE
	EndGlobalSection
	GlobalSection(ExtensibilityGlobals) = postSolution
		SolutionGuid = {A549DC18-5CC4-4B34-8923-E259748005DF}
	EndGlobalSection
EndGlobal
